
Microsoft Visual Studio Solution File, Format Version 12.00
# Visual Studio Version 17
VisualStudioVersion = 17.7.34221.43
MinimumVisualStudioVersion = 10.0.40219.1
Project("{FAE04EC0-301F-11D3-BF4B-00C04F79EFBC}") = "Tema3MVVM", "Tema3MVVM\Tema3MVVM.csproj", "{C90FE6AD-EF3D-47B2-8E7F-FF535DC16BE1}"
EndProject
Global
	GlobalSection(SolutionConfigurationPlatforms) = preSolution
		Debug|Any CPU = Debug|Any CPU
		Release|Any CPU = Release|Any CPU
	EndGlobalSection
	GlobalSection(ProjectConfigurationPlatforms) = postSolution
		{C90FE6AD-EF3D-47B2-8E7F-FF535DC16BE1}.Debug|Any CPU.ActiveCfg = Debug|Any CPU
		{C90FE6AD-EF3D-47B2-8E7F-FF535DC16BE1}.Debug|Any CPU.Build.0 = Debug|Any CPU
		{C90FE6AD-EF3D-47B2-8E7F-FF535DC16BE1}.Release|Any CPU.ActiveCfg = Release|Any CPU
		{C90FE6AD-EF3D-47B2-8E7F-FF535DC16BE1}.Release|Any CPU.Build.0 = Release|Any CPU
	EndGlobalSection
	GlobalSection(SolutionProperties) = preSolution
		HideSolutionNode = FALSE
	EndGlobalSection
	GlobalSection(ExtensibilityGlobals) = postSolution
		SolutionGuid = {3F737C4D-CA94-4709-BE95-A8BD36AD0EF8}
	EndGlobalSection
EndGlobal
